// !$*UTF8*$!
{
	archiveVersion = 1;
	classes = {
	};
	objectVersion = 56;
	objects = {

/* Begin PBXBuildFile section */
		5B0580752B7CE004006C1C21 /* NewTodoView.swift in Sources */ = {isa = PBXBuildFile; fileRef = 5B0580742B7CE004006C1C21 /* NewTodoView.swift */; };
		5B0580832B7CEAD4006C1C21 /* DateViewController.swift in Sources */ = {isa = PBXBuildFile; fileRef = 5B0580822B7CEAD4006C1C21 /* DateViewController.swift */; };
		5B0580852B7CEAD8006C1C21 /* DateView.swift in Sources */ = {isa = PBXBuildFile; fileRef = 5B0580842B7CEAD8006C1C21 /* DateView.swift */; };
		5B0580872B7CEADD006C1C21 /* TagView.swift in Sources */ = {isa = PBXBuildFile; fileRef = 5B0580862B7CEADD006C1C21 /* TagView.swift */; };
		5B0580892B7CEAE2006C1C21 /* TagViewController.swift in Sources */ = {isa = PBXBuildFile; fileRef = 5B0580882B7CEAE2006C1C21 /* TagViewController.swift */; };
		5B05808B2B7CEAEC006C1C21 /* PriorityViewController.swift in Sources */ = {isa = PBXBuildFile; fileRef = 5B05808A2B7CEAEC006C1C21 /* PriorityViewController.swift */; };
		5B05808D2B7CEAF3006C1C21 /* PriorityView.swift in Sources */ = {isa = PBXBuildFile; fileRef = 5B05808C2B7CEAF3006C1C21 /* PriorityView.swift */; };
		5B0580902B7CF210006C1C21 /* TodoItem.swift in Sources */ = {isa = PBXBuildFile; fileRef = 5B05808F2B7CF210006C1C21 /* TodoItem.swift */; };
		5B0580922B7CF24E006C1C21 /* Priority.swift in Sources */ = {isa = PBXBuildFile; fileRef = 5B0580912B7CF24E006C1C21 /* Priority.swift */; };
		5B4DDE1D2B8368C300097D8A /* FSCalendar in Frameworks */ = {isa = PBXBuildFile; productRef = 5B4DDE1C2B8368C300097D8A /* FSCalendar */; };
		5B4DDE272B8375EF00097D8A /* CalendarSwipeViewController.swift in Sources */ = {isa = PBXBuildFile; fileRef = 5B4DDE262B8375EF00097D8A /* CalendarSwipeViewController.swift */; };
		5B55C2912B82632600C0E923 /* TodoItemListViewController.swift in Sources */ = {isa = PBXBuildFile; fileRef = 5B55C2902B82632600C0E923 /* TodoItemListViewController.swift */; };
		5B55C2932B82681B00C0E923 /* TodoItemListTableViewCell.swift in Sources */ = {isa = PBXBuildFile; fileRef = 5B55C2922B82681B00C0E923 /* TodoItemListTableViewCell.swift */; };
		5B55C2952B82748800C0E923 /* Date+Extension.swift in Sources */ = {isa = PBXBuildFile; fileRef = 5B55C2942B82748800C0E923 /* Date+Extension.swift */; };
		5B5F00AB2B81CDA300B6A79A /* ColorPickerViewController.swift in Sources */ = {isa = PBXBuildFile; fileRef = 5B5F00AA2B81CDA300B6A79A /* ColorPickerViewController.swift */; };
		5B5F00AE2B81D48900B6A79A /* EmojiButton.swift in Sources */ = {isa = PBXBuildFile; fileRef = 5B5F00AD2B81D48900B6A79A /* EmojiButton.swift */; };
		5B5F00B12B81F9E900B6A79A /* UITableViewCell+Extension.swift in Sources */ = {isa = PBXBuildFile; fileRef = 5B5F00B02B81F9E900B6A79A /* UITableViewCell+Extension.swift */; };
		5B5F00B32B81FDA200B6A79A /* TextInputTableViewCell.swift in Sources */ = {isa = PBXBuildFile; fileRef = 5B5F00B22B81FDA200B6A79A /* TextInputTableViewCell.swift */; };
		5B5F00B52B81FE3700B6A79A /* TodoFormViewController.swift in Sources */ = {isa = PBXBuildFile; fileRef = 5B5F00B42B81FE3700B6A79A /* TodoFormViewController.swift */; };
		5B5F00B82B8203C000B6A79A /* FormModel.swift in Sources */ = {isa = PBXBuildFile; fileRef = 5B5F00B72B8203C000B6A79A /* FormModel.swift */; };
		5B5F00BC2B8204E200B6A79A /* TextViewTableViewCell.swift in Sources */ = {isa = PBXBuildFile; fileRef = 5B5F00BB2B8204E200B6A79A /* TextViewTableViewCell.swift */; };
		5B5F00BF2B8207FB00B6A79A /* PlaceholderTextView.swift in Sources */ = {isa = PBXBuildFile; fileRef = 5B5F00BE2B8207FB00B6A79A /* PlaceholderTextView.swift */; };
		5B5F00C32B82198C00B6A79A /* RemindListCollectionViewCell.swift in Sources */ = {isa = PBXBuildFile; fileRef = 5B5F00C22B82198C00B6A79A /* RemindListCollectionViewCell.swift */; };
		5B5F00C62B822E9800B6A79A /* Toast in Frameworks */ = {isa = PBXBuildFile; productRef = 5B5F00C52B822E9800B6A79A /* Toast */; };
		5B5F00C82B82307F00B6A79A /* TodoRepository.swift in Sources */ = {isa = PBXBuildFile; fileRef = 5B5F00C72B82307F00B6A79A /* TodoRepository.swift */; };
		5B6103582B7DF68D00E72D12 /* Realm in Frameworks */ = {isa = PBXBuildFile; productRef = 5B6103572B7DF68D00E72D12 /* Realm */; };
		5B61035A2B7DF68D00E72D12 /* RealmSwift in Frameworks */ = {isa = PBXBuildFile; productRef = 5B6103592B7DF68D00E72D12 /* RealmSwift */; };
		5B62BC592B7C9A270099A85F /* AppDelegate.swift in Sources */ = {isa = PBXBuildFile; fileRef = 5B62BC582B7C9A270099A85F /* AppDelegate.swift */; };
		5B62BC5B2B7C9A270099A85F /* SceneDelegate.swift in Sources */ = {isa = PBXBuildFile; fileRef = 5B62BC5A2B7C9A270099A85F /* SceneDelegate.swift */; };
		5B62BC5D2B7C9A270099A85F /* ViewController.swift in Sources */ = {isa = PBXBuildFile; fileRef = 5B62BC5C2B7C9A270099A85F /* ViewController.swift */; };
		5B62BC602B7C9A270099A85F /* Main.storyboard in Resources */ = {isa = PBXBuildFile; fileRef = 5B62BC5E2B7C9A270099A85F /* Main.storyboard */; };
		5B62BC622B7C9A280099A85F /* Assets.xcassets in Resources */ = {isa = PBXBuildFile; fileRef = 5B62BC612B7C9A280099A85F /* Assets.xcassets */; };
		5B62BC652B7C9A280099A85F /* LaunchScreen.storyboard in Resources */ = {isa = PBXBuildFile; fileRef = 5B62BC632B7C9A280099A85F /* LaunchScreen.storyboard */; };
		5B62BC6E2B7C9B2F0099A85F /* SnapKit in Frameworks */ = {isa = PBXBuildFile; productRef = 5B62BC6D2B7C9B2F0099A85F /* SnapKit */; };
		5B62BC712B7C9B520099A85F /* Then in Frameworks */ = {isa = PBXBuildFile; productRef = 5B62BC702B7C9B520099A85F /* Then */; };
		5B62BC742B7C9B700099A85F /* NotificationManager.swift in Sources */ = {isa = PBXBuildFile; fileRef = 5B62BC732B7C9B700099A85F /* NotificationManager.swift */; };
		5B62BC772B7C9DC80099A85F /* UIViewController+Extension.swift in Sources */ = {isa = PBXBuildFile; fileRef = 5B62BC762B7C9DC80099A85F /* UIViewController+Extension.swift */; };
		5B62BC7B2B7CA2300099A85F /* ReminderViewController.swift in Sources */ = {isa = PBXBuildFile; fileRef = 5B62BC7A2B7CA2300099A85F /* ReminderViewController.swift */; };
		5B62BC802B7CA24C0099A85F /* ReminderView.swift in Sources */ = {isa = PBXBuildFile; fileRef = 5B62BC7F2B7CA24C0099A85F /* ReminderView.swift */; };
		5B62BC862B7CA2720099A85F /* BaseViewController.swift in Sources */ = {isa = PBXBuildFile; fileRef = 5B62BC852B7CA2720099A85F /* BaseViewController.swift */; };
		5B62BC882B7CA2960099A85F /* NSObject+id.swift in Sources */ = {isa = PBXBuildFile; fileRef = 5B62BC872B7CA2960099A85F /* NSObject+id.swift */; };
		5B62BC8A2B7CA2AA0099A85F /* UIView+addSubviews.swift in Sources */ = {isa = PBXBuildFile; fileRef = 5B62BC892B7CA2AA0099A85F /* UIView+addSubviews.swift */; };
		5B62BC8D2B7CA2C20099A85F /* BaseViewConfigurable.swift in Sources */ = {isa = PBXBuildFile; fileRef = 5B62BC8C2B7CA2C20099A85F /* BaseViewConfigurable.swift */; };
		5B62BC8F2B7CA2DD0099A85F /* BaseCollectionViewCell.swift in Sources */ = {isa = PBXBuildFile; fileRef = 5B62BC8E2B7CA2DD0099A85F /* BaseCollectionViewCell.swift */; };
		5B62BC922B7CA36F0099A85F /* BaseView.swift in Sources */ = {isa = PBXBuildFile; fileRef = 5B62BC912B7CA36F0099A85F /* BaseView.swift */; };
		5B7CBCBF2B82FFAB00159B92 /* UIViewController+FileManager.swift in Sources */ = {isa = PBXBuildFile; fileRef = 5B7CBCBE2B82FFAB00159B92 /* UIViewController+FileManager.swift */; };
		5B85D3BB2B841CFC00363065 /* ImageTableViewCell.swift in Sources */ = {isa = PBXBuildFile; fileRef = 5B85D3BA2B841CFC00363065 /* ImageTableViewCell.swift */; };
		5B85D3C02B84A5BD00363065 /* ViewEmbedder.swift in Sources */ = {isa = PBXBuildFile; fileRef = 5B85D3BF2B84A5BD00363065 /* ViewEmbedder.swift */; };
		5B9AAA542B7E2BE800AF25F1 /* BaseTableViewCell.swift in Sources */ = {isa = PBXBuildFile; fileRef = 5B9AAA532B7E2BE800AF25F1 /* BaseTableViewCell.swift */; };
		5B9AAA582B7E2DEC00AF25F1 /* UITextField+Extension.swift in Sources */ = {isa = PBXBuildFile; fileRef = 5B9AAA572B7E2DEC00AF25F1 /* UITextField+Extension.swift */; };
		5BB3044A2B84F7BF000F5B21 /* TodoDocumentFormViewController.swift in Sources */ = {isa = PBXBuildFile; fileRef = 5BB304492B84F7BF000F5B21 /* TodoDocumentFormViewController.swift */; };
		5BB3044C2B8503C5000F5B21 /* Timestamps.swift in Sources */ = {isa = PBXBuildFile; fileRef = 5BB3044B2B8503C5000F5B21 /* Timestamps.swift */; };
		5BB3044E2B8503FD000F5B21 /* TodoDocument.swift in Sources */ = {isa = PBXBuildFile; fileRef = 5BB3044D2B8503FD000F5B21 /* TodoDocument.swift */; };
		5BB304502B850493000F5B21 /* TodoDocumentRepository.swift in Sources */ = {isa = PBXBuildFile; fileRef = 5BB3044F2B850493000F5B21 /* TodoDocumentRepository.swift */; };
		5BB304552B850D2D000F5B21 /* TodoDocumentViewController.swift in Sources */ = {isa = PBXBuildFile; fileRef = 5BB304542B850D2D000F5B21 /* TodoDocumentViewController.swift */; };
		5BC33BD02B80A45A007EE76F /* UISearchBar+Extension.swift in Sources */ = {isa = PBXBuildFile; fileRef = 5BC33BCF2B80A45A007EE76F /* UISearchBar+Extension.swift */; };
		5BD0707E2B862BC600932989 /* String+Extension.swift in Sources */ = {isa = PBXBuildFile; fileRef = 5BD0707D2B862BC600932989 /* String+Extension.swift */; };
/* End PBXBuildFile section */

/* Begin PBXFileReference section */
		5B0580742B7CE004006C1C21 /* NewTodoView.swift */ = {isa = PBXFileReference; lastKnownFileType = sourcecode.swift; path = NewTodoView.swift; sourceTree = "<group>"; };
		5B0580822B7CEAD4006C1C21 /* DateViewController.swift */ = {isa = PBXFileReference; lastKnownFileType = sourcecode.swift; path = DateViewController.swift; sourceTree = "<group>"; };
		5B0580842B7CEAD8006C1C21 /* DateView.swift */ = {isa = PBXFileReference; lastKnownFileType = sourcecode.swift; path = DateView.swift; sourceTree = "<group>"; };
		5B0580862B7CEADD006C1C21 /* TagView.swift */ = {isa = PBXFileReference; lastKnownFileType = sourcecode.swift; path = TagView.swift; sourceTree = "<group>"; };
		5B0580882B7CEAE2006C1C21 /* TagViewController.swift */ = {isa = PBXFileReference; lastKnownFileType = sourcecode.swift; path = TagViewController.swift; sourceTree = "<group>"; };
		5B05808A2B7CEAEC006C1C21 /* PriorityViewController.swift */ = {isa = PBXFileReference; lastKnownFileType = sourcecode.swift; path = PriorityViewController.swift; sourceTree = "<group>"; };
		5B05808C2B7CEAF3006C1C21 /* PriorityView.swift */ = {isa = PBXFileReference; lastKnownFileType = sourcecode.swift; path = PriorityView.swift; sourceTree = "<group>"; };
		5B05808F2B7CF210006C1C21 /* TodoItem.swift */ = {isa = PBXFileReference; lastKnownFileType = sourcecode.swift; path = TodoItem.swift; sourceTree = "<group>"; };
		5B0580912B7CF24E006C1C21 /* Priority.swift */ = {isa = PBXFileReference; lastKnownFileType = sourcecode.swift; path = Priority.swift; sourceTree = "<group>"; };
		5B4DDE262B8375EF00097D8A /* CalendarSwipeViewController.swift */ = {isa = PBXFileReference; lastKnownFileType = sourcecode.swift; path = CalendarSwipeViewController.swift; sourceTree = "<group>"; };
		5B55C2902B82632600C0E923 /* TodoItemListViewController.swift */ = {isa = PBXFileReference; lastKnownFileType = sourcecode.swift; path = TodoItemListViewController.swift; sourceTree = "<group>"; };
		5B55C2922B82681B00C0E923 /* TodoItemListTableViewCell.swift */ = {isa = PBXFileReference; lastKnownFileType = sourcecode.swift; path = TodoItemListTableViewCell.swift; sourceTree = "<group>"; };
		5B55C2942B82748800C0E923 /* Date+Extension.swift */ = {isa = PBXFileReference; lastKnownFileType = sourcecode.swift; path = "Date+Extension.swift"; sourceTree = "<group>"; };
		5B5F00AA2B81CDA300B6A79A /* ColorPickerViewController.swift */ = {isa = PBXFileReference; lastKnownFileType = sourcecode.swift; path = ColorPickerViewController.swift; sourceTree = "<group>"; };
		5B5F00AD2B81D48900B6A79A /* EmojiButton.swift */ = {isa = PBXFileReference; lastKnownFileType = sourcecode.swift; path = EmojiButton.swift; sourceTree = "<group>"; };
		5B5F00B02B81F9E900B6A79A /* UITableViewCell+Extension.swift */ = {isa = PBXFileReference; lastKnownFileType = sourcecode.swift; path = "UITableViewCell+Extension.swift"; sourceTree = "<group>"; };
		5B5F00B22B81FDA200B6A79A /* TextInputTableViewCell.swift */ = {isa = PBXFileReference; lastKnownFileType = sourcecode.swift; path = TextInputTableViewCell.swift; sourceTree = "<group>"; };
		5B5F00B42B81FE3700B6A79A /* TodoFormViewController.swift */ = {isa = PBXFileReference; lastKnownFileType = sourcecode.swift; path = TodoFormViewController.swift; sourceTree = "<group>"; };
		5B5F00B72B8203C000B6A79A /* FormModel.swift */ = {isa = PBXFileReference; lastKnownFileType = sourcecode.swift; path = FormModel.swift; sourceTree = "<group>"; };
		5B5F00BB2B8204E200B6A79A /* TextViewTableViewCell.swift */ = {isa = PBXFileReference; lastKnownFileType = sourcecode.swift; path = TextViewTableViewCell.swift; sourceTree = "<group>"; };
		5B5F00BE2B8207FB00B6A79A /* PlaceholderTextView.swift */ = {isa = PBXFileReference; lastKnownFileType = sourcecode.swift; path = PlaceholderTextView.swift; sourceTree = "<group>"; };
		5B5F00C22B82198C00B6A79A /* RemindListCollectionViewCell.swift */ = {isa = PBXFileReference; lastKnownFileType = sourcecode.swift; path = RemindListCollectionViewCell.swift; sourceTree = "<group>"; };
		5B5F00C72B82307F00B6A79A /* TodoRepository.swift */ = {isa = PBXFileReference; lastKnownFileType = sourcecode.swift; path = TodoRepository.swift; sourceTree = "<group>"; };
		5B62BC552B7C9A270099A85F /* SeSAC_Day33_Assignment.app */ = {isa = PBXFileReference; explicitFileType = wrapper.application; includeInIndex = 0; path = SeSAC_Day33_Assignment.app; sourceTree = BUILT_PRODUCTS_DIR; };
		5B62BC582B7C9A270099A85F /* AppDelegate.swift */ = {isa = PBXFileReference; lastKnownFileType = sourcecode.swift; path = AppDelegate.swift; sourceTree = "<group>"; };
		5B62BC5A2B7C9A270099A85F /* SceneDelegate.swift */ = {isa = PBXFileReference; lastKnownFileType = sourcecode.swift; path = SceneDelegate.swift; sourceTree = "<group>"; };
		5B62BC5C2B7C9A270099A85F /* ViewController.swift */ = {isa = PBXFileReference; lastKnownFileType = sourcecode.swift; path = ViewController.swift; sourceTree = "<group>"; };
		5B62BC5F2B7C9A270099A85F /* Base */ = {isa = PBXFileReference; lastKnownFileType = file.storyboard; name = Base; path = Base.lproj/Main.storyboard; sourceTree = "<group>"; };
		5B62BC612B7C9A280099A85F /* Assets.xcassets */ = {isa = PBXFileReference; lastKnownFileType = folder.assetcatalog; path = Assets.xcassets; sourceTree = "<group>"; };
		5B62BC642B7C9A280099A85F /* Base */ = {isa = PBXFileReference; lastKnownFileType = file.storyboard; name = Base; path = Base.lproj/LaunchScreen.storyboard; sourceTree = "<group>"; };
		5B62BC662B7C9A280099A85F /* Info.plist */ = {isa = PBXFileReference; lastKnownFileType = text.plist.xml; path = Info.plist; sourceTree = "<group>"; };
		5B62BC732B7C9B700099A85F /* NotificationManager.swift */ = {isa = PBXFileReference; lastKnownFileType = sourcecode.swift; path = NotificationManager.swift; sourceTree = "<group>"; };
		5B62BC762B7C9DC80099A85F /* UIViewController+Extension.swift */ = {isa = PBXFileReference; lastKnownFileType = sourcecode.swift; path = "UIViewController+Extension.swift"; sourceTree = "<group>"; };
		5B62BC7A2B7CA2300099A85F /* ReminderViewController.swift */ = {isa = PBXFileReference; lastKnownFileType = sourcecode.swift; path = ReminderViewController.swift; sourceTree = "<group>"; };
		5B62BC7F2B7CA24C0099A85F /* ReminderView.swift */ = {isa = PBXFileReference; lastKnownFileType = sourcecode.swift; path = ReminderView.swift; sourceTree = "<group>"; };
		5B62BC852B7CA2720099A85F /* BaseViewController.swift */ = {isa = PBXFileReference; lastKnownFileType = sourcecode.swift; path = BaseViewController.swift; sourceTree = "<group>"; };
		5B62BC872B7CA2960099A85F /* NSObject+id.swift */ = {isa = PBXFileReference; lastKnownFileType = sourcecode.swift; path = "NSObject+id.swift"; sourceTree = "<group>"; };
		5B62BC892B7CA2AA0099A85F /* UIView+addSubviews.swift */ = {isa = PBXFileReference; lastKnownFileType = sourcecode.swift; path = "UIView+addSubviews.swift"; sourceTree = "<group>"; };
		5B62BC8C2B7CA2C20099A85F /* BaseViewConfigurable.swift */ = {isa = PBXFileReference; lastKnownFileType = sourcecode.swift; path = BaseViewConfigurable.swift; sourceTree = "<group>"; };
		5B62BC8E2B7CA2DD0099A85F /* BaseCollectionViewCell.swift */ = {isa = PBXFileReference; lastKnownFileType = sourcecode.swift; path = BaseCollectionViewCell.swift; sourceTree = "<group>"; };
		5B62BC912B7CA36F0099A85F /* BaseView.swift */ = {isa = PBXFileReference; lastKnownFileType = sourcecode.swift; path = BaseView.swift; sourceTree = "<group>"; };
		5B7CBCBE2B82FFAB00159B92 /* UIViewController+FileManager.swift */ = {isa = PBXFileReference; lastKnownFileType = sourcecode.swift; path = "UIViewController+FileManager.swift"; sourceTree = "<group>"; };
		5B85D3BA2B841CFC00363065 /* ImageTableViewCell.swift */ = {isa = PBXFileReference; lastKnownFileType = sourcecode.swift; path = ImageTableViewCell.swift; sourceTree = "<group>"; };
		5B85D3BF2B84A5BD00363065 /* ViewEmbedder.swift */ = {isa = PBXFileReference; lastKnownFileType = sourcecode.swift; path = ViewEmbedder.swift; sourceTree = "<group>"; };
		5B9AAA532B7E2BE800AF25F1 /* BaseTableViewCell.swift */ = {isa = PBXFileReference; lastKnownFileType = sourcecode.swift; path = BaseTableViewCell.swift; sourceTree = "<group>"; };
		5B9AAA572B7E2DEC00AF25F1 /* UITextField+Extension.swift */ = {isa = PBXFileReference; lastKnownFileType = sourcecode.swift; path = "UITextField+Extension.swift"; sourceTree = "<group>"; };
		5BB304492B84F7BF000F5B21 /* TodoDocumentFormViewController.swift */ = {isa = PBXFileReference; lastKnownFileType = sourcecode.swift; path = TodoDocumentFormViewController.swift; sourceTree = "<group>"; };
		5BB3044B2B8503C5000F5B21 /* Timestamps.swift */ = {isa = PBXFileReference; lastKnownFileType = sourcecode.swift; path = Timestamps.swift; sourceTree = "<group>"; };
		5BB3044D2B8503FD000F5B21 /* TodoDocument.swift */ = {isa = PBXFileReference; lastKnownFileType = sourcecode.swift; path = TodoDocument.swift; sourceTree = "<group>"; };
		5BB3044F2B850493000F5B21 /* TodoDocumentRepository.swift */ = {isa = PBXFileReference; lastKnownFileType = sourcecode.swift; path = TodoDocumentRepository.swift; sourceTree = "<group>"; };
		5BB304542B850D2D000F5B21 /* TodoDocumentViewController.swift */ = {isa = PBXFileReference; lastKnownFileType = sourcecode.swift; path = TodoDocumentViewController.swift; sourceTree = "<group>"; };
		5BC33BCF2B80A45A007EE76F /* UISearchBar+Extension.swift */ = {isa = PBXFileReference; lastKnownFileType = sourcecode.swift; path = "UISearchBar+Extension.swift"; sourceTree = "<group>"; };
		5BD0707D2B862BC600932989 /* String+Extension.swift */ = {isa = PBXFileReference; lastKnownFileType = sourcecode.swift; path = "String+Extension.swift"; sourceTree = "<group>"; };
/* End PBXFileReference section */

/* Begin PBXFrameworksBuildPhase section */
		5B62BC522B7C9A270099A85F /* Frameworks */ = {
			isa = PBXFrameworksBuildPhase;
			buildActionMask = 2147483647;
			files = (
				5B61035A2B7DF68D00E72D12 /* RealmSwift in Frameworks */,
				5B4DDE1D2B8368C300097D8A /* FSCalendar in Frameworks */,
				5B6103582B7DF68D00E72D12 /* Realm in Frameworks */,
				5B62BC6E2B7C9B2F0099A85F /* SnapKit in Frameworks */,
				5B5F00C62B822E9800B6A79A /* Toast in Frameworks */,
				5B62BC712B7C9B520099A85F /* Then in Frameworks */,
			);
			runOnlyForDeploymentPostprocessing = 0;
		};
/* End PBXFrameworksBuildPhase section */

/* Begin PBXGroup section */
		5B05806F2B7CDFDE006C1C21 /* TodoScene */ = {
			isa = PBXGroup;
			children = (
				5B4DDE1F2B836F6600097D8A /* TodoItemList */,
				5B62BC792B7CA2260099A85F /* Reminder */,
				5B0580782B7CEA77006C1C21 /* Form */,
			);
			name = TodoScene;
			path = "하지만";
			sourceTree = "<group>";
		};
		5B0580702B7CDFEB006C1C21 /* Controller */ = {
			isa = PBXGroup;
			children = (
				5B4DDE252B836FD300097D8A /* TodoFormDetail */,
				5B5F00B42B81FE3700B6A79A /* TodoFormViewController.swift */,
				5BB304492B84F7BF000F5B21 /* TodoDocumentFormViewController.swift */,
			);
			path = Controller;
			sourceTree = "<group>";
		};
		5B0580712B7CDFF1006C1C21 /* View */ = {
			isa = PBXGroup;
			children = (
				5B9AAA522B7E2B4100AF25F1 /* Cell */,
				5B0580742B7CE004006C1C21 /* NewTodoView.swift */,
			);
			path = View;
			sourceTree = "<group>";
		};
		5B0580782B7CEA77006C1C21 /* Form */ = {
			isa = PBXGroup;
			children = (
				5B5F00B62B8203B800B6A79A /* Model */,
				5B0580712B7CDFF1006C1C21 /* View */,
				5B0580702B7CDFEB006C1C21 /* Controller */,
			);
			path = Form;
			sourceTree = "<group>";
		};
		5B4DDE1F2B836F6600097D8A /* TodoItemList */ = {
			isa = PBXGroup;
			children = (
				5B4DDE212B836F7F00097D8A /* View */,
				5B4DDE202B836F6F00097D8A /* Controller */,
			);
			path = TodoItemList;
			sourceTree = "<group>";
		};
		5B4DDE202B836F6F00097D8A /* Controller */ = {
			isa = PBXGroup;
			children = (
				5B55C2902B82632600C0E923 /* TodoItemListViewController.swift */,
			);
			path = Controller;
			sourceTree = "<group>";
		};
		5B4DDE212B836F7F00097D8A /* View */ = {
			isa = PBXGroup;
			children = (
				5B4DDE222B836F8300097D8A /* Cell */,
			);
			path = View;
			sourceTree = "<group>";
		};
		5B4DDE222B836F8300097D8A /* Cell */ = {
			isa = PBXGroup;
			children = (
				5B55C2922B82681B00C0E923 /* TodoItemListTableViewCell.swift */,
			);
			path = Cell;
			sourceTree = "<group>";
		};
		5B4DDE252B836FD300097D8A /* TodoFormDetail */ = {
			isa = PBXGroup;
			children = (
				5B05808A2B7CEAEC006C1C21 /* PriorityViewController.swift */,
				5B0580822B7CEAD4006C1C21 /* DateViewController.swift */,
				5B0580882B7CEAE2006C1C21 /* TagViewController.swift */,
				5BB304542B850D2D000F5B21 /* TodoDocumentViewController.swift */,
			);
			path = TodoFormDetail;
			sourceTree = "<group>";
		};
		5B5F00A92B81CD8D00B6A79A /* ColorPicker */ = {
			isa = PBXGroup;
			children = (
				5B5F00AA2B81CDA300B6A79A /* ColorPickerViewController.swift */,
			);
			path = ColorPicker;
			sourceTree = "<group>";
		};
		5B5F00AC2B81D47400B6A79A /* EmojiButton */ = {
			isa = PBXGroup;
			children = (
				5B5F00AD2B81D48900B6A79A /* EmojiButton.swift */,
			);
			path = EmojiButton;
			sourceTree = "<group>";
		};
		5B5F00AF2B81F36300B6A79A /* Entity */ = {
			isa = PBXGroup;
			children = (
				5B0580912B7CF24E006C1C21 /* Priority.swift */,
				5B05808F2B7CF210006C1C21 /* TodoItem.swift */,
				5BB3044B2B8503C5000F5B21 /* Timestamps.swift */,
				5BB3044D2B8503FD000F5B21 /* TodoDocument.swift */,
			);
			path = Entity;
			sourceTree = "<group>";
		};
		5B5F00B62B8203B800B6A79A /* Model */ = {
			isa = PBXGroup;
			children = (
				5B5F00B72B8203C000B6A79A /* FormModel.swift */,
			);
			path = Model;
			sourceTree = "<group>";
		};
		5B5F00BD2B8207E800B6A79A /* Component */ = {
			isa = PBXGroup;
			children = (
				5B05808C2B7CEAF3006C1C21 /* PriorityView.swift */,
				5B0580862B7CEADD006C1C21 /* TagView.swift */,
				5B0580842B7CEAD8006C1C21 /* DateView.swift */,
				5B5F00BE2B8207FB00B6A79A /* PlaceholderTextView.swift */,
			);
			path = Component;
			sourceTree = "<group>";
		};
		5B5F00C02B820F7500B6A79A /* Persistence */ = {
			isa = PBXGroup;
			children = (
				5B5F00C72B82307F00B6A79A /* TodoRepository.swift */,
				5BB3044F2B850493000F5B21 /* TodoDocumentRepository.swift */,
			);
			path = Persistence;
			sourceTree = "<group>";
		};
		5B5F00C12B82197200B6A79A /* Cell */ = {
			isa = PBXGroup;
			children = (
				5B5F00C22B82198C00B6A79A /* RemindListCollectionViewCell.swift */,
			);
			path = Cell;
			sourceTree = "<group>";
		};
		5B62BC4C2B7C9A270099A85F = {
			isa = PBXGroup;
			children = (
				5B62BC572B7C9A270099A85F /* SeSAC_Day33_Assignment */,
				5B62BC562B7C9A270099A85F /* Products */,
			);
			sourceTree = "<group>";
		};
		5B62BC562B7C9A270099A85F /* Products */ = {
			isa = PBXGroup;
			children = (
				5B62BC552B7C9A270099A85F /* SeSAC_Day33_Assignment.app */,
			);
			name = Products;
			sourceTree = "<group>";
		};
		5B62BC572B7C9A270099A85F /* SeSAC_Day33_Assignment */ = {
			isa = PBXGroup;
			children = (
				5B5F00C02B820F7500B6A79A /* Persistence */,
				5B5F00AF2B81F36300B6A79A /* Entity */,
				5B62BC782B7CA21B0099A85F /* Feature */,
				5B62BC752B7C9DB60099A85F /* Extension */,
				5B62BC722B7C9B640099A85F /* Manager */,
				5B62BC582B7C9A270099A85F /* AppDelegate.swift */,
				5B62BC5A2B7C9A270099A85F /* SceneDelegate.swift */,
				5B62BC5C2B7C9A270099A85F /* ViewController.swift */,
				5B62BC5E2B7C9A270099A85F /* Main.storyboard */,
				5B62BC612B7C9A280099A85F /* Assets.xcassets */,
				5B62BC632B7C9A280099A85F /* LaunchScreen.storyboard */,
				5B62BC662B7C9A280099A85F /* Info.plist */,
			);
			path = SeSAC_Day33_Assignment;
			sourceTree = "<group>";
		};
		5B62BC722B7C9B640099A85F /* Manager */ = {
			isa = PBXGroup;
			children = (
				5B62BC732B7C9B700099A85F /* NotificationManager.swift */,
			);
			path = Manager;
			sourceTree = "<group>";
		};
		5B62BC752B7C9DB60099A85F /* Extension */ = {
			isa = PBXGroup;
			children = (
				5B62BC762B7C9DC80099A85F /* UIViewController+Extension.swift */,
				5B62BC872B7CA2960099A85F /* NSObject+id.swift */,
				5B62BC892B7CA2AA0099A85F /* UIView+addSubviews.swift */,
				5B9AAA572B7E2DEC00AF25F1 /* UITextField+Extension.swift */,
				5BC33BCF2B80A45A007EE76F /* UISearchBar+Extension.swift */,
				5B5F00B02B81F9E900B6A79A /* UITableViewCell+Extension.swift */,
				5B55C2942B82748800C0E923 /* Date+Extension.swift */,
				5B7CBCBE2B82FFAB00159B92 /* UIViewController+FileManager.swift */,
				5BD0707D2B862BC600932989 /* String+Extension.swift */,
			);
			path = Extension;
			sourceTree = "<group>";
		};
		5B62BC782B7CA21B0099A85F /* Feature */ = {
			isa = PBXGroup;
			children = (
				5B5F00A92B81CD8D00B6A79A /* ColorPicker */,
				5B5F00AC2B81D47400B6A79A /* EmojiButton */,
				5B62BC842B7CA2660099A85F /* Common */,
				5B05806F2B7CDFDE006C1C21 /* TodoScene */,
			);
			path = Feature;
			sourceTree = "<group>";
		};
		5B62BC792B7CA2260099A85F /* Reminder */ = {
			isa = PBXGroup;
			children = (
				5B62BC7D2B7CA23B0099A85F /* View */,
				5B62BC7C2B7CA2330099A85F /* Controller */,
			);
			path = Reminder;
			sourceTree = "<group>";
		};
		5B62BC7C2B7CA2330099A85F /* Controller */ = {
			isa = PBXGroup;
			children = (
				5B62BC7A2B7CA2300099A85F /* ReminderViewController.swift */,
				5B4DDE262B8375EF00097D8A /* CalendarSwipeViewController.swift */,
			);
			path = Controller;
			sourceTree = "<group>";
		};
		5B62BC7D2B7CA23B0099A85F /* View */ = {
			isa = PBXGroup;
			children = (
				5B5F00C12B82197200B6A79A /* Cell */,
				5B62BC7F2B7CA24C0099A85F /* ReminderView.swift */,
			);
			path = View;
			sourceTree = "<group>";
		};
		5B62BC812B7CA2580099A85F /* Base */ = {
			isa = PBXGroup;
			children = (
				5B62BC8B2B7CA2BB0099A85F /* Protocol */,
				5B62BC852B7CA2720099A85F /* BaseViewController.swift */,
				5B62BC8E2B7CA2DD0099A85F /* BaseCollectionViewCell.swift */,
				5B62BC912B7CA36F0099A85F /* BaseView.swift */,
				5B9AAA532B7E2BE800AF25F1 /* BaseTableViewCell.swift */,
			);
			path = Base;
			sourceTree = "<group>";
		};
		5B62BC842B7CA2660099A85F /* Common */ = {
			isa = PBXGroup;
			children = (
				5B85D3BE2B84A5B400363065 /* Wrapper */,
				5B5F00BD2B8207E800B6A79A /* Component */,
				5B62BC812B7CA2580099A85F /* Base */,
			);
			path = Common;
			sourceTree = "<group>";
		};
		5B62BC8B2B7CA2BB0099A85F /* Protocol */ = {
			isa = PBXGroup;
			children = (
				5B62BC8C2B7CA2C20099A85F /* BaseViewConfigurable.swift */,
			);
			path = Protocol;
			sourceTree = "<group>";
		};
		5B85D3BE2B84A5B400363065 /* Wrapper */ = {
			isa = PBXGroup;
			children = (
				5B85D3BF2B84A5BD00363065 /* ViewEmbedder.swift */,
			);
			path = Wrapper;
			sourceTree = "<group>";
		};
		5B9AAA522B7E2B4100AF25F1 /* Cell */ = {
			isa = PBXGroup;
			children = (
				5B5F00B22B81FDA200B6A79A /* TextInputTableViewCell.swift */,
				5B5F00BB2B8204E200B6A79A /* TextViewTableViewCell.swift */,
				5B85D3BA2B841CFC00363065 /* ImageTableViewCell.swift */,
			);
			path = Cell;
			sourceTree = "<group>";
		};
/* End PBXGroup section */

/* Begin PBXNativeTarget section */
		5B62BC542B7C9A270099A85F /* SeSAC_Day33_Assignment */ = {
			isa = PBXNativeTarget;
			buildConfigurationList = 5B62BC692B7C9A280099A85F /* Build configuration list for PBXNativeTarget "SeSAC_Day33_Assignment" */;
			buildPhases = (
				5B62BC512B7C9A270099A85F /* Sources */,
				5B62BC522B7C9A270099A85F /* Frameworks */,
				5B62BC532B7C9A270099A85F /* Resources */,
			);
			buildRules = (
			);
			dependencies = (
			);
			name = SeSAC_Day33_Assignment;
			packageProductDependencies = (
				5B62BC6D2B7C9B2F0099A85F /* SnapKit */,
				5B62BC702B7C9B520099A85F /* Then */,
				5B6103572B7DF68D00E72D12 /* Realm */,
				5B6103592B7DF68D00E72D12 /* RealmSwift */,
				5B5F00C52B822E9800B6A79A /* Toast */,
				5B4DDE1C2B8368C300097D8A /* FSCalendar */,
			);
			productName = SeSAC_Day33_Assignment;
			productReference = 5B62BC552B7C9A270099A85F /* SeSAC_Day33_Assignment.app */;
			productType = "com.apple.product-type.application";
		};
/* End PBXNativeTarget section */

/* Begin PBXProject section */
		5B62BC4D2B7C9A270099A85F /* Project object */ = {
			isa = PBXProject;
			attributes = {
				BuildIndependentTargetsInParallel = 1;
				LastSwiftUpdateCheck = 1520;
				LastUpgradeCheck = 1520;
				TargetAttributes = {
					5B62BC542B7C9A270099A85F = {
						CreatedOnToolsVersion = 15.2;
					};
				};
			};
			buildConfigurationList = 5B62BC502B7C9A270099A85F /* Build configuration list for PBXProject "SeSAC_Day33_Assignment" */;
			compatibilityVersion = "Xcode 14.0";
			developmentRegion = en;
			hasScannedForEncodings = 0;
			knownRegions = (
				en,
				Base,
			);
			mainGroup = 5B62BC4C2B7C9A270099A85F;
			packageReferences = (
				5B62BC6C2B7C9B2F0099A85F /* XCRemoteSwiftPackageReference "SnapKit" */,
				5B62BC6F2B7C9B520099A85F /* XCRemoteSwiftPackageReference "Then" */,
				5B6103562B7DF68D00E72D12 /* XCRemoteSwiftPackageReference "realm-swift" */,
				5B5F00C42B822E9800B6A79A /* XCRemoteSwiftPackageReference "Toast-Swift" */,
				5B4DDE1B2B8368C300097D8A /* XCRemoteSwiftPackageReference "FSCalendar" */,
			);
			productRefGroup = 5B62BC562B7C9A270099A85F /* Products */;
			projectDirPath = "";
			projectRoot = "";
			targets = (
				5B62BC542B7C9A270099A85F /* SeSAC_Day33_Assignment */,
			);
		};
/* End PBXProject section */

/* Begin PBXResourcesBuildPhase section */
		5B62BC532B7C9A270099A85F /* Resources */ = {
			isa = PBXResourcesBuildPhase;
			buildActionMask = 2147483647;
			files = (
				5B62BC652B7C9A280099A85F /* LaunchScreen.storyboard in Resources */,
				5B62BC622B7C9A280099A85F /* Assets.xcassets in Resources */,
				5B62BC602B7C9A270099A85F /* Main.storyboard in Resources */,
			);
			runOnlyForDeploymentPostprocessing = 0;
		};
/* End PBXResourcesBuildPhase section */

/* Begin PBXSourcesBuildPhase section */
		5B62BC512B7C9A270099A85F /* Sources */ = {
			isa = PBXSourcesBuildPhase;
			buildActionMask = 2147483647;
			files = (
				5B0580832B7CEAD4006C1C21 /* DateViewController.swift in Sources */,
				5B62BC8A2B7CA2AA0099A85F /* UIView+addSubviews.swift in Sources */,
				5B5F00AE2B81D48900B6A79A /* EmojiButton.swift in Sources */,
				5B05808D2B7CEAF3006C1C21 /* PriorityView.swift in Sources */,
				5B5F00AB2B81CDA300B6A79A /* ColorPickerViewController.swift in Sources */,
				5B62BC922B7CA36F0099A85F /* BaseView.swift in Sources */,
				5B55C2932B82681B00C0E923 /* TodoItemListTableViewCell.swift in Sources */,
				5B62BC5D2B7C9A270099A85F /* ViewController.swift in Sources */,
				5B05808B2B7CEAEC006C1C21 /* PriorityViewController.swift in Sources */,
				5B0580752B7CE004006C1C21 /* NewTodoView.swift in Sources */,
				5BB3044C2B8503C5000F5B21 /* Timestamps.swift in Sources */,
				5B62BC592B7C9A270099A85F /* AppDelegate.swift in Sources */,
				5B55C2952B82748800C0E923 /* Date+Extension.swift in Sources */,
				5B5F00B52B81FE3700B6A79A /* TodoFormViewController.swift in Sources */,
				5BB3044E2B8503FD000F5B21 /* TodoDocument.swift in Sources */,
				5B62BC7B2B7CA2300099A85F /* ReminderViewController.swift in Sources */,
				5B62BC742B7C9B700099A85F /* NotificationManager.swift in Sources */,
				5B0580902B7CF210006C1C21 /* TodoItem.swift in Sources */,
				5B5F00B32B81FDA200B6A79A /* TextInputTableViewCell.swift in Sources */,
				5B5F00BC2B8204E200B6A79A /* TextViewTableViewCell.swift in Sources */,
				5B5F00BF2B8207FB00B6A79A /* PlaceholderTextView.swift in Sources */,
				5B62BC8F2B7CA2DD0099A85F /* BaseCollectionViewCell.swift in Sources */,
				5B62BC882B7CA2960099A85F /* NSObject+id.swift in Sources */,
				5B85D3BB2B841CFC00363065 /* ImageTableViewCell.swift in Sources */,
				5BB3044A2B84F7BF000F5B21 /* TodoDocumentFormViewController.swift in Sources */,
				5B62BC802B7CA24C0099A85F /* ReminderView.swift in Sources */,
				5B5F00B12B81F9E900B6A79A /* UITableViewCell+Extension.swift in Sources */,
				5B0580892B7CEAE2006C1C21 /* TagViewController.swift in Sources */,
				5BD0707E2B862BC600932989 /* String+Extension.swift in Sources */,
				5B9AAA542B7E2BE800AF25F1 /* BaseTableViewCell.swift in Sources */,
				5BB304552B850D2D000F5B21 /* TodoDocumentViewController.swift in Sources */,
				5B62BC862B7CA2720099A85F /* BaseViewController.swift in Sources */,
				5B5F00C82B82307F00B6A79A /* TodoRepository.swift in Sources */,
				5B55C2912B82632600C0E923 /* TodoItemListViewController.swift in Sources */,
				5B62BC772B7C9DC80099A85F /* UIViewController+Extension.swift in Sources */,
				5B85D3C02B84A5BD00363065 /* ViewEmbedder.swift in Sources */,
				5B62BC8D2B7CA2C20099A85F /* BaseViewConfigurable.swift in Sources */,
				5B62BC5B2B7C9A270099A85F /* SceneDelegate.swift in Sources */,
				5B0580852B7CEAD8006C1C21 /* DateView.swift in Sources */,
				5B4DDE272B8375EF00097D8A /* CalendarSwipeViewController.swift in Sources */,
				5B5F00B82B8203C000B6A79A /* FormModel.swift in Sources */,
				5B5F00C32B82198C00B6A79A /* RemindListCollectionViewCell.swift in Sources */,
				5B9AAA582B7E2DEC00AF25F1 /* UITextField+Extension.swift in Sources */,
				5B0580922B7CF24E006C1C21 /* Priority.swift in Sources */,
				5B0580872B7CEADD006C1C21 /* TagView.swift in Sources */,
				5B7CBCBF2B82FFAB00159B92 /* UIViewController+FileManager.swift in Sources */,
				5BB304502B850493000F5B21 /* TodoDocumentRepository.swift in Sources */,
				5BC33BD02B80A45A007EE76F /* UISearchBar+Extension.swift in Sources */,
			);
			runOnlyForDeploymentPostprocessing = 0;
		};
/* End PBXSourcesBuildPhase section */

/* Begin PBXVariantGroup section */
		5B62BC5E2B7C9A270099A85F /* Main.storyboard */ = {
			isa = PBXVariantGroup;
			children = (
				5B62BC5F2B7C9A270099A85F /* Base */,
			);
			name = Main.storyboard;
			sourceTree = "<group>";
		};
		5B62BC632B7C9A280099A85F /* LaunchScreen.storyboard */ = {
			isa = PBXVariantGroup;
			children = (
				5B62BC642B7C9A280099A85F /* Base */,
			);
			name = LaunchScreen.storyboard;
			sourceTree = "<group>";
		};
/* End PBXVariantGroup section */

/* Begin XCBuildConfiguration section */
		5B62BC672B7C9A280099A85F /* Debug */ = {
			isa = XCBuildConfiguration;
			buildSettings = {
				ALWAYS_SEARCH_USER_PATHS = NO;
				ASSETCATALOG_COMPILER_GENERATE_SWIFT_ASSET_SYMBOL_EXTENSIONS = YES;
				CLANG_ANALYZER_NONNULL = YES;
				CLANG_ANALYZER_NUMBER_OBJECT_CONVERSION = YES_AGGRESSIVE;
				CLANG_CXX_LANGUAGE_STANDARD = "gnu++20";
				CLANG_ENABLE_MODULES = YES;
				CLANG_ENABLE_OBJC_ARC = YES;
				CLANG_ENABLE_OBJC_WEAK = YES;
				CLANG_WARN_BLOCK_CAPTURE_AUTORELEASING = YES;
				CLANG_WARN_BOOL_CONVERSION = YES;
				CLANG_WARN_COMMA = YES;
				CLANG_WARN_CONSTANT_CONVERSION = YES;
				CLANG_WARN_DEPRECATED_OBJC_IMPLEMENTATIONS = YES;
				CLANG_WARN_DIRECT_OBJC_ISA_USAGE = YES_ERROR;
				CLANG_WARN_DOCUMENTATION_COMMENTS = YES;
				CLANG_WARN_EMPTY_BODY = YES;
				CLANG_WARN_ENUM_CONVERSION = YES;
				CLANG_WARN_INFINITE_RECURSION = YES;
				CLANG_WARN_INT_CONVERSION = YES;
				CLANG_WARN_NON_LITERAL_NULL_CONVERSION = YES;
				CLANG_WARN_OBJC_IMPLICIT_RETAIN_SELF = YES;
				CLANG_WARN_OBJC_LITERAL_CONVERSION = YES;
				CLANG_WARN_OBJC_ROOT_CLASS = YES_ERROR;
				CLANG_WARN_QUOTED_INCLUDE_IN_FRAMEWORK_HEADER = YES;
				CLANG_WARN_RANGE_LOOP_ANALYSIS = YES;
				CLANG_WARN_STRICT_PROTOTYPES = YES;
				CLANG_WARN_SUSPICIOUS_MOVE = YES;
				CLANG_WARN_UNGUARDED_AVAILABILITY = YES_AGGRESSIVE;
				CLANG_WARN_UNREACHABLE_CODE = YES;
				CLANG_WARN__DUPLICATE_METHOD_MATCH = YES;
				COPY_PHASE_STRIP = NO;
				DEBUG_INFORMATION_FORMAT = dwarf;
				ENABLE_STRICT_OBJC_MSGSEND = YES;
				ENABLE_TESTABILITY = YES;
				ENABLE_USER_SCRIPT_SANDBOXING = YES;
				GCC_C_LANGUAGE_STANDARD = gnu17;
				GCC_DYNAMIC_NO_PIC = NO;
				GCC_NO_COMMON_BLOCKS = YES;
				GCC_OPTIMIZATION_LEVEL = 0;
				GCC_PREPROCESSOR_DEFINITIONS = (
					"DEBUG=1",
					"$(inherited)",
				);
				GCC_WARN_64_TO_32_BIT_CONVERSION = YES;
				GCC_WARN_ABOUT_RETURN_TYPE = YES_ERROR;
				GCC_WARN_UNDECLARED_SELECTOR = YES;
				GCC_WARN_UNINITIALIZED_AUTOS = YES_AGGRESSIVE;
				GCC_WARN_UNUSED_FUNCTION = YES;
				GCC_WARN_UNUSED_VARIABLE = YES;
				IPHONEOS_DEPLOYMENT_TARGET = 17.2;
				LOCALIZATION_PREFERS_STRING_CATALOGS = YES;
				MTL_ENABLE_DEBUG_INFO = INCLUDE_SOURCE;
				MTL_FAST_MATH = YES;
				ONLY_ACTIVE_ARCH = YES;
				SDKROOT = iphoneos;
				SWIFT_ACTIVE_COMPILATION_CONDITIONS = "DEBUG $(inherited)";
				SWIFT_OPTIMIZATION_LEVEL = "-Onone";
			};
			name = Debug;
		};
		5B62BC682B7C9A280099A85F /* Release */ = {
			isa = XCBuildConfiguration;
			buildSettings = {
				ALWAYS_SEARCH_USER_PATHS = NO;
				ASSETCATALOG_COMPILER_GENERATE_SWIFT_ASSET_SYMBOL_EXTENSIONS = YES;
				CLANG_ANALYZER_NONNULL = YES;
				CLANG_ANALYZER_NUMBER_OBJECT_CONVERSION = YES_AGGRESSIVE;
				CLANG_CXX_LANGUAGE_STANDARD = "gnu++20";
				CLANG_ENABLE_MODULES = YES;
				CLANG_ENABLE_OBJC_ARC = YES;
				CLANG_ENABLE_OBJC_WEAK = YES;
				CLANG_WARN_BLOCK_CAPTURE_AUTORELEASING = YES;
				CLANG_WARN_BOOL_CONVERSION = YES;
				CLANG_WARN_COMMA = YES;
				CLANG_WARN_CONSTANT_CONVERSION = YES;
				CLANG_WARN_DEPRECATED_OBJC_IMPLEMENTATIONS = YES;
				CLANG_WARN_DIRECT_OBJC_ISA_USAGE = YES_ERROR;
				CLANG_WARN_DOCUMENTATION_COMMENTS = YES;
				CLANG_WARN_EMPTY_BODY = YES;
				CLANG_WARN_ENUM_CONVERSION = YES;
				CLANG_WARN_INFINITE_RECURSION = YES;
				CLANG_WARN_INT_CONVERSION = YES;
				CLANG_WARN_NON_LITERAL_NULL_CONVERSION = YES;
				CLANG_WARN_OBJC_IMPLICIT_RETAIN_SELF = YES;
				CLANG_WARN_OBJC_LITERAL_CONVERSION = YES;
				CLANG_WARN_OBJC_ROOT_CLASS = YES_ERROR;
				CLANG_WARN_QUOTED_INCLUDE_IN_FRAMEWORK_HEADER = YES;
				CLANG_WARN_RANGE_LOOP_ANALYSIS = YES;
				CLANG_WARN_STRICT_PROTOTYPES = YES;
				CLANG_WARN_SUSPICIOUS_MOVE = YES;
				CLANG_WARN_UNGUARDED_AVAILABILITY = YES_AGGRESSIVE;
				CLANG_WARN_UNREACHABLE_CODE = YES;
				CLANG_WARN__DUPLICATE_METHOD_MATCH = YES;
				COPY_PHASE_STRIP = NO;
				DEBUG_INFORMATION_FORMAT = "dwarf-with-dsym";
				ENABLE_NS_ASSERTIONS = NO;
				ENABLE_STRICT_OBJC_MSGSEND = YES;
				ENABLE_USER_SCRIPT_SANDBOXING = YES;
				GCC_C_LANGUAGE_STANDARD = gnu17;
				GCC_NO_COMMON_BLOCKS = YES;
				GCC_WARN_64_TO_32_BIT_CONVERSION = YES;
				GCC_WARN_ABOUT_RETURN_TYPE = YES_ERROR;
				GCC_WARN_UNDECLARED_SELECTOR = YES;
				GCC_WARN_UNINITIALIZED_AUTOS = YES_AGGRESSIVE;
				GCC_WARN_UNUSED_FUNCTION = YES;
				GCC_WARN_UNUSED_VARIABLE = YES;
				IPHONEOS_DEPLOYMENT_TARGET = 17.2;
				LOCALIZATION_PREFERS_STRING_CATALOGS = YES;
				MTL_ENABLE_DEBUG_INFO = NO;
				MTL_FAST_MATH = YES;
				SDKROOT = iphoneos;
				SWIFT_COMPILATION_MODE = wholemodule;
				VALIDATE_PRODUCT = YES;
			};
			name = Release;
		};
		5B62BC6A2B7C9A280099A85F /* Debug */ = {
			isa = XCBuildConfiguration;
			buildSettings = {
				ASSETCATALOG_COMPILER_APPICON_NAME = AppIcon;
				ASSETCATALOG_COMPILER_GLOBAL_ACCENT_COLOR_NAME = AccentColor;
				CODE_SIGN_STYLE = Automatic;
				CURRENT_PROJECT_VERSION = 1;
				DEVELOPMENT_TEAM = KLQU7UH9UP;
				GENERATE_INFOPLIST_FILE = YES;
				INFOPLIST_FILE = SeSAC_Day33_Assignment/Info.plist;
				INFOPLIST_KEY_UIApplicationSupportsIndirectInputEvents = YES;
				INFOPLIST_KEY_UILaunchStoryboardName = LaunchScreen;
				INFOPLIST_KEY_UIMainStoryboardFile = Main;
				INFOPLIST_KEY_UISupportedInterfaceOrientations_iPad = "UIInterfaceOrientationPortrait UIInterfaceOrientationPortraitUpsideDown UIInterfaceOrientationLandscapeLeft UIInterfaceOrientationLandscapeRight";
				INFOPLIST_KEY_UISupportedInterfaceOrientations_iPhone = "UIInterfaceOrientationPortrait UIInterfaceOrientationLandscapeLeft UIInterfaceOrientationLandscapeRight";
				LD_RUNPATH_SEARCH_PATHS = (
					"$(inherited)",
					"@executable_path/Frameworks",
				);
				MARKETING_VERSION = 1.0;
				PRODUCT_BUNDLE_IDENTIFIER = "com.jeonghi.SeSAC-Day33-Assignment";
				PRODUCT_NAME = "$(TARGET_NAME)";
				SWIFT_EMIT_LOC_STRINGS = YES;
				SWIFT_VERSION = 5.0;
				TARGETED_DEVICE_FAMILY = "1,2";
			};
			name = Debug;
		};
		5B62BC6B2B7C9A280099A85F /* Release */ = {
			isa = XCBuildConfiguration;
			buildSettings = {
				ASSETCATALOG_COMPILER_APPICON_NAME = AppIcon;
				ASSETCATALOG_COMPILER_GLOBAL_ACCENT_COLOR_NAME = AccentColor;
				CODE_SIGN_STYLE = Automatic;
				CURRENT_PROJECT_VERSION = 1;
				DEVELOPMENT_TEAM = KLQU7UH9UP;
				GENERATE_INFOPLIST_FILE = YES;
				INFOPLIST_FILE = SeSAC_Day33_Assignment/Info.plist;
				INFOPLIST_KEY_UIApplicationSupportsIndirectInputEvents = YES;
				INFOPLIST_KEY_UILaunchStoryboardName = LaunchScreen;
				INFOPLIST_KEY_UIMainStoryboardFile = Main;
				INFOPLIST_KEY_UISupportedInterfaceOrientations_iPad = "UIInterfaceOrientationPortrait UIInterfaceOrientationPortraitUpsideDown UIInterfaceOrientationLandscapeLeft UIInterfaceOrientationLandscapeRight";
				INFOPLIST_KEY_UISupportedInterfaceOrientations_iPhone = "UIInterfaceOrientationPortrait UIInterfaceOrientationLandscapeLeft UIInterfaceOrientationLandscapeRight";
				LD_RUNPATH_SEARCH_PATHS = (
					"$(inherited)",
					"@executable_path/Frameworks",
				);
				MARKETING_VERSION = 1.0;
				PRODUCT_BUNDLE_IDENTIFIER = "com.jeonghi.SeSAC-Day33-Assignment";
				PRODUCT_NAME = "$(TARGET_NAME)";
				SWIFT_EMIT_LOC_STRINGS = YES;
				SWIFT_VERSION = 5.0;
				TARGETED_DEVICE_FAMILY = "1,2";
			};
			name = Release;
		};
/* End XCBuildConfiguration section */

/* Begin XCConfigurationList section */
		5B62BC502B7C9A270099A85F /* Build configuration list for PBXProject "SeSAC_Day33_Assignment" */ = {
			isa = XCConfigurationList;
			buildConfigurations = (
				5B62BC672B7C9A280099A85F /* Debug */,
				5B62BC682B7C9A280099A85F /* Release */,
			);
			defaultConfigurationIsVisible = 0;
			defaultConfigurationName = Release;
		};
		5B62BC692B7C9A280099A85F /* Build configuration list for PBXNativeTarget "SeSAC_Day33_Assignment" */ = {
			isa = XCConfigurationList;
			buildConfigurations = (
				5B62BC6A2B7C9A280099A85F /* Debug */,
				5B62BC6B2B7C9A280099A85F /* Release */,
			);
			defaultConfigurationIsVisible = 0;
			defaultConfigurationName = Release;
		};
/* End XCConfigurationList section */

/* Begin XCRemoteSwiftPackageReference section */
		5B4DDE1B2B8368C300097D8A /* XCRemoteSwiftPackageReference "FSCalendar" */ = {
			isa = XCRemoteSwiftPackageReference;
			repositoryURL = "https://github.com/WenchaoD/FSCalendar";
			requirement = {
				kind = upToNextMajorVersion;
				minimumVersion = 2.8.4;
			};
		};
		5B5F00C42B822E9800B6A79A /* XCRemoteSwiftPackageReference "Toast-Swift" */ = {
			isa = XCRemoteSwiftPackageReference;
			repositoryURL = "https://github.com/scalessec/Toast-Swift.git";
			requirement = {
				kind = upToNextMajorVersion;
				minimumVersion = 5.1.0;
			};
		};
		5B6103562B7DF68D00E72D12 /* XCRemoteSwiftPackageReference "realm-swift" */ = {
			isa = XCRemoteSwiftPackageReference;
			repositoryURL = "https://github.com/realm/realm-swift.git";
			requirement = {
				kind = exactVersion;
				version = 10.47.0;
			};
		};
		5B62BC6C2B7C9B2F0099A85F /* XCRemoteSwiftPackageReference "SnapKit" */ = {
			isa = XCRemoteSwiftPackageReference;
			repositoryURL = "https://github.com/SnapKit/SnapKit.git";
			requirement = {
				kind = upToNextMajorVersion;
				minimumVersion = 5.7.0;
			};
		};
		5B62BC6F2B7C9B520099A85F /* XCRemoteSwiftPackageReference "Then" */ = {
			isa = XCRemoteSwiftPackageReference;
			repositoryURL = "https://github.com/devxoul/Then";
			requirement = {
				kind = upToNextMajorVersion;
				minimumVersion = 3.0.0;
			};
		};
/* End XCRemoteSwiftPackageReference section */

/* Begin XCSwiftPackageProductDependency section */
		5B4DDE1C2B8368C300097D8A /* FSCalendar */ = {
			isa = XCSwiftPackageProductDependency;
			package = 5B4DDE1B2B8368C300097D8A /* XCRemoteSwiftPackageReference "FSCalendar" */;
			productName = FSCalendar;
		};
		5B5F00C52B822E9800B6A79A /* Toast */ = {
			isa = XCSwiftPackageProductDependency;
			package = 5B5F00C42B822E9800B6A79A /* XCRemoteSwiftPackageReference "Toast-Swift" */;
			productName = Toast;
		};
		5B6103572B7DF68D00E72D12 /* Realm */ = {
			isa = XCSwiftPackageProductDependency;
			package = 5B6103562B7DF68D00E72D12 /* XCRemoteSwiftPackageReference "realm-swift" */;
			productName = Realm;
		};
		5B6103592B7DF68D00E72D12 /* RealmSwift */ = {
			isa = XCSwiftPackageProductDependency;
			package = 5B6103562B7DF68D00E72D12 /* XCRemoteSwiftPackageReference "realm-swift" */;
			productName = RealmSwift;
		};
		5B62BC6D2B7C9B2F0099A85F /* SnapKit */ = {
			isa = XCSwiftPackageProductDependency;
			package = 5B62BC6C2B7C9B2F0099A85F /* XCRemoteSwiftPackageReference "SnapKit" */;
			productName = SnapKit;
		};
		5B62BC702B7C9B520099A85F /* Then */ = {
			isa = XCSwiftPackageProductDependency;
			package = 5B62BC6F2B7C9B520099A85F /* XCRemoteSwiftPackageReference "Then" */;
			productName = Then;
		};
/* End XCSwiftPackageProductDependency section */
	};
	rootObject = 5B62BC4D2B7C9A270099A85F /* Project object */;
}
